
Microsoft Visual Studio Solution File, Format Version 12.00
# Visual Studio Version 17
VisualStudioVersion = 17.11.35312.102
MinimumVisualStudioVersion = 10.0.40219.1
Project("{FAE04EC0-301F-11D3-BF4B-00C04F79EFBC}") = "2MinutesStarter", "2MinutesStarter\2MinutesStarter.csproj", "{47B65A80-2410-4A54-952E-1B5F0CDA5F89}"
EndProject
Global
	GlobalSection(SolutionConfigurationPlatforms) = preSolution
		Debug|Any CPU = Debug|Any CPU
		Release|Any CPU = Release|Any CPU
	EndGlobalSection
	GlobalSection(ProjectConfigurationPlatforms) = postSolution
		{47B65A80-2410-4A54-952E-1B5F0CDA5F89}.Debug|Any CPU.ActiveCfg = Debug|Any CPU
		{47B65A80-2410-4A54-952E-1B5F0CDA5F89}.Debug|Any CPU.Build.0 = Debug|Any CPU
		{47B65A80-2410-4A54-952E-1B5F0CDA5F89}.Release|Any CPU.ActiveCfg = Release|Any CPU
		{47B65A80-2410-4A54-952E-1B5F0CDA5F89}.Release|Any CPU.Build.0 = Release|Any CPU
	EndGlobalSection
	GlobalSection(SolutionProperties) = preSolution
		HideSolutionNode = FALSE
	EndGlobalSection
	GlobalSection(ExtensibilityGlobals) = postSolution
		SolutionGuid = {067B595C-C883-4B1E-8112-68B589538CF0}
	EndGlobalSection
EndGlobal
